
Microsoft Visual Studio Solution File, Format Version 12.00
# Visual Studio Version 16
VisualStudioVersion = 16.0.29613.14
MinimumVisualStudioVersion = 10.0.40219.1
Project("{9A19103F-16F7-4668-BE54-9A1E7A4F7556}") = "Examen", "Examen\Examen.csproj", "{F799E64F-5046-491A-9D71-43DBD76876DB}"
EndProject
Project("{9A19103F-16F7-4668-BE54-9A1E7A4F7556}") = "Examen.Core", "Examen.Core\Examen.Core.csproj", "{066F7813-9F1A-41AA-A302-737731C0BFB8}"
EndProject
Project("{2150E333-8FDC-42A3-9474-1A3956D46DE8}") = "Core", "Core", "{B61BC0CD-E27D-48C9-A663-F48EBAC7346C}"
EndProject
Project("{2150E333-8FDC-42A3-9474-1A3956D46DE8}") = "UI", "UI", "{F86074AD-A9A4-425C-9186-3D67444E0666}"
EndProject
Project("{2150E333-8FDC-42A3-9474-1A3956D46DE8}") = "Web", "Web", "{39019315-7E6C-4E4D-8571-B8B256FA5AB3}"
EndProject
Project("{FAE04EC0-301F-11D3-BF4B-00C04F79EFBC}") = "Examen.Vue", "Examen.Vue\Examen.Vue.csproj", "{972CAF2D-21C9-421A-B2E2-D48B5D2804F5}"
EndProject
Project("{2150E333-8FDC-42A3-9474-1A3956D46DE8}") = "WinForms", "WinForms", "{7C9CEBA2-3FA1-4986-AF42-7E0933D05BFD}"
EndProject
Global
	GlobalSection(SolutionConfigurationPlatforms) = preSolution
		Debug|Any CPU = Debug|Any CPU
		Release|Any CPU = Release|Any CPU
	EndGlobalSection
	GlobalSection(ProjectConfigurationPlatforms) = postSolution
		{F799E64F-5046-491A-9D71-43DBD76876DB}.Debug|Any CPU.ActiveCfg = Debug|Any CPU
		{F799E64F-5046-491A-9D71-43DBD76876DB}.Debug|Any CPU.Build.0 = Debug|Any CPU
		{F799E64F-5046-491A-9D71-43DBD76876DB}.Release|Any CPU.ActiveCfg = Release|Any CPU
		{F799E64F-5046-491A-9D71-43DBD76876DB}.Release|Any CPU.Build.0 = Release|Any CPU
		{066F7813-9F1A-41AA-A302-737731C0BFB8}.Debug|Any CPU.ActiveCfg = Debug|Any CPU
		{066F7813-9F1A-41AA-A302-737731C0BFB8}.Debug|Any CPU.Build.0 = Debug|Any CPU
		{066F7813-9F1A-41AA-A302-737731C0BFB8}.Release|Any CPU.ActiveCfg = Release|Any CPU
		{066F7813-9F1A-41AA-A302-737731C0BFB8}.Release|Any CPU.Build.0 = Release|Any CPU
		{972CAF2D-21C9-421A-B2E2-D48B5D2804F5}.Debug|Any CPU.ActiveCfg = Debug|Any CPU
		{972CAF2D-21C9-421A-B2E2-D48B5D2804F5}.Debug|Any CPU.Build.0 = Debug|Any CPU
		{972CAF2D-21C9-421A-B2E2-D48B5D2804F5}.Release|Any CPU.ActiveCfg = Release|Any CPU
		{972CAF2D-21C9-421A-B2E2-D48B5D2804F5}.Release|Any CPU.Build.0 = Release|Any CPU
	EndGlobalSection
	GlobalSection(SolutionProperties) = preSolution
		HideSolutionNode = FALSE
	EndGlobalSection
	GlobalSection(NestedProjects) = preSolution
		{F799E64F-5046-491A-9D71-43DBD76876DB} = {7C9CEBA2-3FA1-4986-AF42-7E0933D05BFD}
		{066F7813-9F1A-41AA-A302-737731C0BFB8} = {B61BC0CD-E27D-48C9-A663-F48EBAC7346C}
		{39019315-7E6C-4E4D-8571-B8B256FA5AB3} = {F86074AD-A9A4-425C-9186-3D67444E0666}
		{972CAF2D-21C9-421A-B2E2-D48B5D2804F5} = {39019315-7E6C-4E4D-8571-B8B256FA5AB3}
		{7C9CEBA2-3FA1-4986-AF42-7E0933D05BFD} = {F86074AD-A9A4-425C-9186-3D67444E0666}
	EndGlobalSection
	GlobalSection(ExtensibilityGlobals) = postSolution
		SolutionGuid = {14FE079A-A1EC-4001-949C-240AAC5E9B59}
	EndGlobalSection
EndGlobal
